
Microsoft Visual Studio Solution File, Format Version 12.00
# Visual Studio Version 17
VisualStudioVersion = 17.13.35828.75 d17.13
MinimumVisualStudioVersion = 10.0.40219.1
Project("{FAE04EC0-301F-11D3-BF4B-00C04F79EFBC}") = "BaseDatos01_Tarea01_ListaEmpleados", "BaseDatos01_Tarea01_ListaEmpleados\BaseDatos01_Tarea01_ListaEmpleados.csproj", "{D8CA90C4-5ED8-462E-808B-B858CEC84162}"
EndProject
Global
	GlobalSection(SolutionConfigurationPlatforms) = preSolution
		Debug|Any CPU = Debug|Any CPU
		Release|Any CPU = Release|Any CPU
	EndGlobalSection
	GlobalSection(ProjectConfigurationPlatforms) = postSolution
		{D8CA90C4-5ED8-462E-808B-B858CEC84162}.Debug|Any CPU.ActiveCfg = Debug|Any CPU
		{D8CA90C4-5ED8-462E-808B-B858CEC84162}.Debug|Any CPU.Build.0 = Debug|Any CPU
		{D8CA90C4-5ED8-462E-808B-B858CEC84162}.Release|Any CPU.ActiveCfg = Release|Any CPU
		{D8CA90C4-5ED8-462E-808B-B858CEC84162}.Release|Any CPU.Build.0 = Release|Any CPU
	EndGlobalSection
	GlobalSection(SolutionProperties) = preSolution
		HideSolutionNode = FALSE
	EndGlobalSection
	GlobalSection(ExtensibilityGlobals) = postSolution
		SolutionGuid = {98F7FED3-708B-4941-88AC-55A0B6D00F35}
	EndGlobalSection
EndGlobal
